# THIS IS AN AUTOGENERATED FILE. DO NOT EDIT THIS FILE DIRECTLY.
# yarn lockfile v1


"@types/node@18.11.18":
  version "18.11.18"
  resolved "https://registry.yarnpkg.com/@types/node/-/node-18.11.18.tgz#8dfb97f0da23c2293e554c5a50d61ef134d7697f"
  integrity sha512-DHQpWGjyQKSHj3ebjFI/wRKcqQcdR+MoFBygntYOZytCqNfkd2ZC4ARDJ2DQqhjH5p85Nnd3jhUJIXrszFX/JA==

"@types/semver@7.3.13":
  version "7.3.13"
  resolved "https://registry.yarnpkg.com/@types/semver/-/semver-7.3.13.tgz#da4bfd73f49bd541d28920ab0e2bf0ee80f71c91"
  integrity sha512-21cFJr9z3g5dW8B0CVI9g2O9beqaThGQ6ZFBqHfwhzLDKUxaqTIy3vnfah/UPkfOiF2pLq+tGz+W8RyCskuslw==

debug@4.3.4:
  version "4.3.4"
  resolved "https://registry.yarnpkg.com/debug/-/debug-4.3.4.tgz#1319f6579357f2338d3337d2cdd4914bb5dcc865"
  integrity sha512-PRWFHuSU3eDtQJPvnNY7Jcket1j0t5OuOsFzPPzsekD52Zl8qUfFIPEiswXqIvHWGVHOgX+7G/vCNNhehwxfkQ==
  dependencies:
    ms "2.1.2"

is-number@^6.0.0:
  version "6.0.0"
  resolved "https://registry.yarnpkg.com/is-number/-/is-number-6.0.0.tgz#e6d15ad31fc262887cccf217ae5f9316f81b1995"
  integrity sha512-Wu1VHeILBK8KAWJUAiSZQX94GmOE45Rg6/538fKwiloUu21KncEkYGPqob2oSZ5mUT73vLGrHQjKw3KMPwfDzg==

is-odd@3.0.1:
  version "3.0.1"
  resolved "https://registry.yarnpkg.com/is-odd/-/is-odd-3.0.1.tgz#65101baf3727d728b66fa62f50cda7f2d3989601"
  integrity sha512-CQpnWPrDwmP1+SMHXZhtLtJv90yiyVfluGsX5iNCVkrhQtU3TQHsUWPG9wkdk9Lgd5yNpAg9jQEo90CBaXgWMA==
  dependencies:
    is-number "^6.0.0"

lru-cache@^6.0.0:
  version "6.0.0"
  resolved "https://registry.yarnpkg.com/lru-cache/-/lru-cache-6.0.0.tgz#6d6fe6570ebd96aaf90fcad1dafa3b2566db3a94"
  integrity sha512-Jo6dJ04CmSjuznwJSS3pUeWmd/H0ffTlkXXgwZi+eq1UCmqQwCh+eLsYOYCwY991i2Fah4h1BEMCx4qThGbsiA==
  dependencies:
    yallist "^4.0.0"

ms@2.1.2:
  version "2.1.2"
  resolved "https://registry.yarnpkg.com/ms/-/ms-2.1.2.tgz#d09d1f357b443f493382a8eb3ccd183872ae6009"
  integrity sha512-sGkPx+VjMtmA6MX27oA4FBFELFCZZ4S4XqeGOXCv68tT+jb3vk/RyaKWP0PTKyWtmLSM0b+adUTEvbs1PEaH2w==

semver@7.5.1:
  version "7.5.1"
  resolved "https://registry.yarnpkg.com/semver/-/semver-7.5.1.tgz#c90c4d631cf74720e46b21c1d37ea07edfab91ec"
  integrity sha512-Wvss5ivl8TMRZXXESstBA4uR5iXgEN/VC5/sOcuXdVLzcdkz4HWetIoRfG5gb5X+ij/G9rw9YoGn3QoQ8OCSpw==
  dependencies:
    lru-cache "^6.0.0"

yallist@^4.0.0:
  version "4.0.0"
  resolved "https://registry.yarnpkg.com/yallist/-/yallist-4.0.0.tgz#9bb92790d9c0effec63be73519e11a35019a3a72"
  integrity sha512-3wdGidZyq5PB084XLES5TpOSRA3wjXAlIWMhum2kRcv/41Sn2emQ0dycQW4uZXLejwKvg6EsvbdlVL+FYEct7A==
