lockfileVersion: 5.3

specifiers:
    '@gregmagolan/test-b': ^0.0.2
    '@rollup/plugin-commonjs': ^21.1.0
    '@types/node': ^15.12.2
    rollup: ^2.70.2

devDependencies:
    '@gregmagolan/test-b': 0.0.2
    '@rollup/plugin-commonjs': 21.1.0_rollup@2.70.2
    '@types/node': 15.14.9
    rollup: 2.70.2

packages:
    /@gregmagolan/test-a/0.0.1:
        resolution:
            {
                integrity: sha512-nMZ3MKkXZ+uYbrm8R3dfdt3v1gOOLtf88CdDciWxMYGLr29oVjQG11y2fz4IRBR6R7hI2Gj+G9sHZ69wLTnjfA==,
            }
        dev: true

    /@gregmagolan/test-b/0.0.2:
        resolution:
            {
                integrity: sha512-h+LeJUbUued9XyQwxKMUdklGiGxPYJ1RvTAK9612ctCiMS2Fn0wu/Au5kHsMHxm8l4bOfpgAWmQ0OQQy7wUBCg==,
            }
        dependencies:
            '@gregmagolan/test-a': 0.0.1
        dev: true

    /@rollup/plugin-commonjs/21.1.0_rollup@2.70.2:
        resolution:
            {
                integrity: sha512-6ZtHx3VHIp2ReNNDxHjuUml6ur+WcQ28N1yHgCQwsbNkQg2suhxGMDQGJOn/KuDxKtd1xuZP5xSTwBA4GQ8hbA==,
            }
        engines: { node: '>= 8.0.0' }
        peerDependencies:
            rollup: ^2.38.3
        dependencies:
            '@rollup/pluginutils': 3.1.0_rollup@2.70.2
            commondir: 1.0.1
            estree-walker: 2.0.2
            glob: 7.2.0
            is-reference: 1.2.1
            magic-string: 0.25.9
            resolve: 1.22.0
            rollup: 2.70.2
        dev: true

    /@rollup/pluginutils/3.1.0_rollup@2.70.2:
        resolution:
            {
                integrity: sha512-GksZ6pr6TpIjHm8h9lSQ8pi8BE9VeubNT0OMJ3B5uZJ8pz73NPiqOtCog/x2/QzM1ENChPKxMDhiQuRHsqc+lg==,
            }
        engines: { node: '>= 8.0.0' }
        peerDependencies:
            rollup: ^1.20.0||^2.0.0
        dependencies:
            '@types/estree': 0.0.39
            estree-walker: 1.0.1
            picomatch: 2.3.1
            rollup: 2.70.2
        dev: true

    /@types/estree/0.0.39:
        resolution:
            {
                integrity: sha512-EYNwp3bU+98cpU4lAWYYL7Zz+2gryWH1qbdDTidVd6hkiR6weksdbMadyXKXNPEkQFhXM+hVO9ZygomHXp+AIw==,
            }
        dev: true

    /@types/estree/0.0.51:
        resolution:
            {
                integrity: sha512-CuPgU6f3eT/XgKKPqKd/gLZV1Xmvf1a2R5POBOGQa6uv82xpls89HU5zKeVoyR8XzHd1RGNOlQlvUe3CFkjWNQ==,
            }
        dev: true

    /@types/node/15.14.9:
        resolution:
            {
                integrity: sha512-qjd88DrCxupx/kJD5yQgZdcYKZKSIGBVDIBE1/LTGcNm3d2Np/jxojkdePDdfnBHJc5W7vSMpbJ1aB7p/Py69A==,
            }
        dev: true

    /balanced-match/1.0.2:
        resolution:
            {
                integrity: sha512-3oSeUO0TMV67hN1AmbXsK4yaqU7tjiHlbxRDZOpH0KW9+CeX4bRAaX0Anxt0tx2MrpRpWwQaPwIlISEJhYU5Pw==,
            }
        dev: true

    /brace-expansion/1.1.11:
        resolution:
            {
                integrity: sha512-iCuPHDFgrHX7H2vEI/5xpz07zSHB00TpugqhmYtVmMO6518mCuRMoOYFldEBl0g187ufozdaHgWKcYFb61qGiA==,
            }
        dependencies:
            balanced-match: 1.0.2
            concat-map: 0.0.1
        dev: true

    /commondir/1.0.1:
        resolution: { integrity: sha1-3dgA2gxmEnOTzKWVDqloo6rxJTs= }
        dev: true

    /concat-map/0.0.1:
        resolution: { integrity: sha1-2Klr13/Wjfd5OnMDajug1UBdR3s= }
        dev: true

    /estree-walker/1.0.1:
        resolution:
            {
                integrity: sha512-1fMXF3YP4pZZVozF8j/ZLfvnR8NSIljt56UhbZ5PeeDmmGHpgpdwQt7ITlGvYaQukCvuBRMLEiKiYC+oeIg4cg==,
            }
        dev: true

    /estree-walker/2.0.2:
        resolution:
            {
                integrity: sha512-Rfkk/Mp/DL7JVje3u18FxFujQlTNR2q6QfMSMB7AvCBx91NGj/ba3kCfza0f6dVDbw7YlRf/nDrn7pQrCCyQ/w==,
            }
        dev: true

    /fs.realpath/1.0.0:
        resolution: { integrity: sha1-FQStJSMVjKpA20onh8sBQRmU6k8= }
        dev: true

    /fsevents/2.3.2:
        resolution:
            {
                integrity: sha512-xiqMQR4xAeHTuB9uWm+fFRcIOgKBMiOBP+eXiyT7jsgVCq1bkVygt00oASowB7EdtpOHaaPgKt812P9ab+DDKA==,
            }
        engines: { node: ^8.16.0 || ^10.6.0 || >=11.0.0 }
        os: [darwin]
        requiresBuild: true
        dev: true
        optional: true

    /function-bind/1.1.1:
        resolution:
            {
                integrity: sha512-yIovAzMX49sF8Yl58fSCWJ5svSLuaibPxXQJFLmBObTuCr0Mf1KiPopGM9NiFjiYBCbfaa2Fh6breQ6ANVTI0A==,
            }
        dev: true

    /glob/7.2.0:
        resolution:
            {
                integrity: sha512-lmLf6gtyrPq8tTjSmrO94wBeQbFR3HbLHbuyD69wuyQkImp2hWqMGB47OX65FBkPffO641IP9jWa1z4ivqG26Q==,
            }
        dependencies:
            fs.realpath: 1.0.0
            inflight: 1.0.6
            inherits: 2.0.4
            minimatch: 3.1.2
            once: 1.4.0
            path-is-absolute: 1.0.1
        dev: true

    /has/1.0.3:
        resolution:
            {
                integrity: sha512-f2dvO0VU6Oej7RkWJGrehjbzMAjFp5/VKPp5tTpWIV4JHHZK1/BxbFRtf/siA2SWTe09caDmVtYYzWEIbBS4zw==,
            }
        engines: { node: '>= 0.4.0' }
        dependencies:
            function-bind: 1.1.1
        dev: true

    /inflight/1.0.6:
        resolution: { integrity: sha1-Sb1jMdfQLQwJvJEKEHW6gWW1bfk= }
        dependencies:
            once: 1.4.0
            wrappy: 1.0.2
        dev: true

    /inherits/2.0.4:
        resolution:
            {
                integrity: sha512-k/vGaX4/Yla3WzyMCvTQOXYeIHvqOKtnqBduzTHpzpQZzAskKMhZ2K+EnBiSM9zGSoIFeMpXKxa4dYeZIQqewQ==,
            }
        dev: true

    /is-core-module/2.9.0:
        resolution:
            {
                integrity: sha512-+5FPy5PnwmO3lvfMb0AsoPaBG+5KHUI0wYFXOtYPnVVVspTFUuMZNfNaNVRt3FZadstu2c8x23vykRW/NBoU6A==,
            }
        dependencies:
            has: 1.0.3
        dev: true

    /is-reference/1.2.1:
        resolution:
            {
                integrity: sha512-U82MsXXiFIrjCK4otLT+o2NA2Cd2g5MLoOVXUZjIOhLurrRxpEXzI8O0KZHr3IjLvlAH1kTPYSuqer5T9ZVBKQ==,
            }
        dependencies:
            '@types/estree': 0.0.51
        dev: true

    /magic-string/0.25.9:
        resolution:
            {
                integrity: sha512-RmF0AsMzgt25qzqqLc1+MbHmhdx0ojF2Fvs4XnOqz2ZOBXzzkEwc/dJQZCYHAn7v1jbVOjAZfK8msRn4BxO4VQ==,
            }
        dependencies:
            sourcemap-codec: 1.4.8
        dev: true

    /minimatch/3.1.2:
        resolution:
            {
                integrity: sha512-J7p63hRiAjw1NDEww1W7i37+ByIrOWO5XQQAzZ3VOcL0PNybwpfmV/N05zFAzwQ9USyEcX6t3UO+K5aqBQOIHw==,
            }
        dependencies:
            brace-expansion: 1.1.11
        dev: true

    /once/1.4.0:
        resolution: { integrity: sha1-WDsap3WWHUsROsF9nFC6753Xa9E= }
        dependencies:
            wrappy: 1.0.2
        dev: true

    /path-is-absolute/1.0.1:
        resolution: { integrity: sha1-F0uSaHNVNP+8es5r9TpanhtcX18= }
        engines: { node: '>=0.10.0' }
        dev: true

    /path-parse/1.0.7:
        resolution:
            {
                integrity: sha512-LDJzPVEEEPR+y48z93A0Ed0yXb8pAByGWo/k5YYdYgpY2/2EsOsksJrq7lOHxryrVOn1ejG6oAp8ahvOIQD8sw==,
            }
        dev: true

    /picomatch/2.3.1:
        resolution:
            {
                integrity: sha512-JU3teHTNjmE2VCGFzuY8EXzCDVwEqB2a8fsIvwaStHhAWJEeVd1o1QD80CU6+ZdEXXSLbSsuLwJjkCBWqRQUVA==,
            }
        engines: { node: '>=8.6' }
        dev: true

    /resolve/1.22.0:
        resolution:
            {
                integrity: sha512-Hhtrw0nLeSrFQ7phPp4OOcVjLPIeMnRlr5mcnVuMe7M/7eBn98A3hmFRLoFo3DLZkivSYwhRUJTyPyWAk56WLw==,
            }
        hasBin: true
        dependencies:
            is-core-module: 2.9.0
            path-parse: 1.0.7
            supports-preserve-symlinks-flag: 1.0.0
        dev: true

    /rollup/2.70.2:
        resolution:
            {
                integrity: sha512-EitogNZnfku65I1DD5Mxe8JYRUCy0hkK5X84IlDtUs+O6JRMpRciXTzyCUuX11b5L5pvjH+OmFXiQ3XjabcXgg==,
            }
        engines: { node: '>=10.0.0' }
        hasBin: true
        optionalDependencies:
            fsevents: 2.3.2
        dev: true

    /sourcemap-codec/1.4.8:
        resolution:
            {
                integrity: sha512-9NykojV5Uih4lgo5So5dtw+f0JgJX30KCNI8gwhz2J9A15wD0Ml6tjHKwf6fTSa6fAdVBdZeNOs9eJ71qCk8vA==,
            }
        dev: true

    /supports-preserve-symlinks-flag/1.0.0:
        resolution:
            {
                integrity: sha512-ot0WnXS9fgdkgIcePe6RHNk1WA8+muPa6cSjeR3V8K27q9BB1rTE3R1p7Hv0z1ZyAc8s6Vvv8DIyWf681MAt0w==,
            }
        engines: { node: '>= 0.4' }
        dev: true

    /wrappy/1.0.2:
        resolution: { integrity: sha1-tSQ9jz7BqjXxNkYFvA0QNuMKtp8= }
        dev: true
