lockfileVersion: 5.3

specifiers:
    '@aspect-test/a': 5.0.0
    '@aspect-test/b': 5.0.0
    '@aspect-test/c': 2.0.0
    unused: 0.2.2

dependencies:
    '@aspect-test/a': 5.0.0
    unused: 0.2.2

optionalDependencies:
    '@aspect-test/c': 2.0.0

devDependencies:
    '@aspect-test/b': 5.0.0

packages:
    /@aspect-test/a/5.0.0:
        resolution:
            {
                integrity: sha512-t/lwpVXG/jmxTotGEsmjwuihC2Lvz/Iqt63o78SI3O5XallxtFp5j2WM2M6HwkFiii9I42KdlAF8B3plZMz0Fw==,
            }
        hasBin: true
        dependencies:
            '@aspect-test/b': 5.0.0
            '@aspect-test/c': 1.0.0
            '@aspect-test/d': 2.0.0_@aspect-test+c@1.0.0

    /@aspect-test/b/5.0.0:
        resolution:
            {
                integrity: sha512-MyIW6gHL3ds0BmDTOktorHLJUya5eZLGZlOxsKN2M9c3DWp+p1pBrA6KLQX1iq9BciryhpKwl82IAxP4jG52kw==,
            }
        hasBin: true
        dependencies:
            '@aspect-test/a': 5.0.0
            '@aspect-test/c': 2.0.0
            '@aspect-test/d': 2.0.0_@aspect-test+c@2.0.0

    /@aspect-test/c/1.0.0:
        resolution:
            {
                integrity: sha512-UorLD4TFr9CWFeYbUd5etaxSo201fYEFR+rSxXytfzefX41EWCBabsXhdhvXjK6v/HRuo1y1I1NiW2P3/bKJeA==,
            }
        hasBin: true
        requiresBuild: true

    /@aspect-test/c/2.0.0:
        resolution:
            {
                integrity: sha512-vRuHi/8zxZ+IRGdgdX4VoMNFZrR9UqO87yQx61IGIkjgV7QcKUeu5jfvIE3Mr0WNQeMdO1JpyTx1UUpsE73iug==,
            }
        hasBin: true
        requiresBuild: true

    /@aspect-test/d/2.0.0_@aspect-test+c@1.0.0:
        resolution:
            {
                integrity: sha512-jndwr8pLUfn795uApTcXG/yZ5hV2At1aS/wo5BVLxqlVVgLoOETF/Dp4QOjMHE/SXkXFowz6Hao+WpmzVvAO0A==,
            }
        hasBin: true
        peerDependencies:
            '@aspect-test/c': x.x.x
        dependencies:
            '@aspect-test/c': 1.0.0

    /@aspect-test/d/2.0.0_@aspect-test+c@2.0.0:
        resolution:
            {
                integrity: sha512-jndwr8pLUfn795uApTcXG/yZ5hV2At1aS/wo5BVLxqlVVgLoOETF/Dp4QOjMHE/SXkXFowz6Hao+WpmzVvAO0A==,
            }
        hasBin: true
        peerDependencies:
            '@aspect-test/c': x.x.x
        dependencies:
            '@aspect-test/c': 2.0.0

    /esprima/1.0.0:
        resolution: { integrity: sha1-XwVxuUqH1RmbHzAqfifrGF5GaFA= }
        engines: { node: '>=0.4.0' }
        hasBin: true
        dev: false

    /minimist/0.0.10:
        resolution: { integrity: sha1-3j+YVD2/lggr5IrRoMfNqDYwHc8= }
        dev: false

    /optimist/0.6.0:
        resolution: { integrity: sha1-aUJIJvNAX3nxQub8PZrljU27kgA= }
        dependencies:
            minimist: 0.0.10
            wordwrap: 0.0.3
        dev: false

    /unused/0.2.2:
        resolution: { integrity: sha1-zhJIBInz3ZPRDxt6yDzA1YQj6qA= }
        engines: { node: '>= 0.4.0' }
        hasBin: true
        dependencies:
            esprima: 1.0.0
            optimist: 0.6.0
        dev: false

    /wordwrap/0.0.3:
        resolution: { integrity: sha1-o9XabNXAvAAI03I0u68b7WMFkQc= }
        engines: { node: '>=0.4.0' }
        dev: false
