lockfileVersion: '9.0'

settings:
  autoInstallPeers: true
  excludeLinksFromLockfile: false

importers:

  .:
    dependencies:
      '@aspect-test/test-private-npm-package':
        specifier: git+ssh://git@github.com:aspect-test/test-private-npm-package#a09b6c1084c15c0dcd230a7017aefee66e6bb9db
        version: git+https://git@github.com:aspect-test/test-private-npm-package.git#a09b6c1084c15c0dcd230a7017aefee66e6bb9db

packages:

  '@aspect-test/test-private-npm-package@git+https://git@github.com:aspect-test/test-private-npm-package.git#a09b6c1084c15c0dcd230a7017aefee66e6bb9db':
    resolution: {commit: a09b6c1084c15c0dcd230a7017aefee66e6bb9db, repo: git@github.com:aspect-test/test-private-npm-package.git, type: git}
    name: '@aspect-test/test-private-npm-package'
    version: 1.0.0

snapshots:

  '@aspect-test/test-private-npm-package@git+https://git@github.com:aspect-test/test-private-npm-package.git#a09b6c1084c15c0dcd230a7017aefee66e6bb9db': {}
