lockfileVersion: '9.0'

settings:
  autoInstallPeers: true
  excludeLinksFromLockfile: false

importers:

  .:
    dependencies:
      google-protobuf:
        specifier: 4.0.2
        version: 4.0.2

packages:

  google-protobuf@4.0.2:
    resolution: {integrity: sha512-yD2fqbNgvJPuQwdKJiPdbUcXveNRxgqy070gzsBsCyFJA8Qdj9oxa9xtkddb/JEhcDk0RD5SfGUWg+nhINfMxA==}

snapshots:

  google-protobuf@4.0.2: {}
