lockfileVersion: 5.4

importers:

  .:
    specifiers:
      '@types/node': 18.15.11
    dependencies:
      '@types/node': 18.15.11

packages:

  /@types/node/18.15.11:
    resolution: {integrity: sha512-E5Kwq2n4SbMzQOn6wnmBjuK9ouqlURrcZDVfbo9ftDDTFt3nk7ZKK4GMOzoYgnpQJKcxwQw+lGaBvvlMo0qN/Q==}
    dev: false
