lockfileVersion: '9.0'

settings:
  autoInstallPeers: true
  excludeLinksFromLockfile: false

overrides:
  is-number: file:../vendored/is-number
  diff: https://github.com/kpdecker/jsdiff/archive/refs/tags/v5.2.0.tar.gz
  fsevents: ^2.3
  typescript: 5.5.2

patchedDependencies:
  meaning-of-life@1.0.0:
    hash: o3deharooos255qt5xdujc3cuq
    path: patches/meaning-of-life@1.0.0-pnpm.patch

importers:

  .:
    dependencies:
      '@aspect-test-a-bad-scope':
        specifier: npm:@aspect-test/a
        version: '@aspect-test/a@5.0.2'
      '@aspect-test-custom-scope/a':
        specifier: npm:@aspect-test/a
        version: '@aspect-test/a@5.0.2'
      '@aspect-test/a':
        specifier: ^5.0.2
        version: 5.0.2
      '@aspect-test/a2':
        specifier: npm:@aspect-test/a
        version: '@aspect-test/a@5.0.2'
      '@aspect-test/e':
        specifier: ~1.0.0
        version: 1.0.0
      '@isaacs/cliui':
        specifier: 8.0.2
        version: 8.0.2
      '@scoped/a':
        specifier: workspace:*
        version: link:../projects/a
      '@scoped/b':
        specifier: link:../projects/b
        version: link:../projects/b
      '@scoped/c':
        specifier: file:../projects/c
        version: file:../projects/c
      '@scoped/d':
        specifier: ../projects/d
        version: link:../projects/d
      aspect-test-a-no-scope:
        specifier: npm:@aspect-test/a
        version: '@aspect-test/a@5.0.2'
      aspect-test-a/no-at:
        specifier: npm:@aspect-test/a
        version: '@aspect-test/a@5.0.2'
      debug:
        specifier: ngokevin/debug#9742c5f383a6f8046241920156236ade8ec30d53
        version: https://codeload.github.com/ngokevin/debug/tar.gz/9742c5f383a6f8046241920156236ade8ec30d53
      hello:
        specifier: https://gitpkg.vercel.app/EqualMa/gitpkg-hello/packages/hello
        version: https://gitpkg.vercel.app/EqualMa/gitpkg-hello/packages/hello
      is-odd:
        specifier: npm:is-odd@3.0.1
        version: 3.0.1
      is-odd-alias:
        specifier: npm:is-odd
        version: is-odd@3.0.1
      is-odd-v0:
        specifier: npm:is-odd@0.1.0
        version: is-odd@0.1.0
      is-odd-v1:
        specifier: npm:is-odd@1.0.0
        version: is-odd@1.0.0
      is-odd-v2:
        specifier: npm:is-odd@2.0.0
        version: is-odd@2.0.0
      is-odd-v3:
        specifier: npm:is-odd@3.0.0
        version: is-odd@3.0.0
      jquery-git-ssh-e61fccb:
        specifier: git+ssh://git@github.com/jquery/jquery.git#e61fccb9d736235b4b011f89cba6866bc0b8997d
        version: jquery@https://codeload.github.com/jquery/jquery/tar.gz/e61fccb9d736235b4b011f89cba6866bc0b8997d
      jsonify:
        specifier: https://github.com/aspect-build/test-packages/releases/download/0.0.0/@foo-jsonify-0.0.0.tgz
        version: '@foo/jsonify@https://github.com/aspect-build/test-packages/releases/download/0.0.0/@foo-jsonify-0.0.0.tgz'
      lodash:
        specifier: file:../vendored/lodash-4.17.21.tgz
        version: file:../vendored/lodash-4.17.21.tgz
      meaning-of-life:
        specifier: 1.0.0
        version: 1.0.0(patch_hash=o3deharooos255qt5xdujc3cuq)
      rollup:
        specifier: 2.14.0
        version: 2.14.0
      rollup-plugin-with-peers:
        specifier: npm:@rollup/plugin-typescript@8.2.1
        version: '@rollup/plugin-typescript@8.2.1(rollup@2.14.0)(tslib@2.8.0)(typescript@5.5.2)'
      rollup3:
        specifier: npm:rollup@3.29.4
        version: rollup@3.29.4
      scoped/bad:
        specifier: link:../projects/b
        version: link:../projects/b
      tslib:
        specifier: ^2.6.3
        version: 2.8.0
      typescript:
        specifier: 5.5.2
        version: 5.5.2
      uvu:
        specifier: 0.5.6
        version: 0.5.6
    optionalDependencies:
      '@aspect-test/c':
        specifier: 2.0.0
        version: 2.0.0
    devDependencies:
      '@aspect-test/b':
        specifier: 5.0.2
        version: 5.0.2
      '@types/archiver':
        specifier: 5.3.1
        version: 5.3.1
      '@types/node':
        specifier: 16.18.11
        version: 16.18.11
      alias-only-sizzle:
        specifier: npm:@types/sizzle@~2.3.8
        version: '@types/sizzle@2.3.8'
      alias-types-node:
        specifier: npm:@types/node@~16.18.11
        version: '@types/node@16.18.11'

  ../projects/a: {}

  ../projects/b:
    dependencies:
      '@scoped/a':
        specifier: workspace:*
        version: link:../a

  ../projects/c:
    dependencies:
      '@scoped/a':
        specifier: link:../a
        version: link:../a

  ../projects/d:
    dependencies:
      '@scoped/a':
        specifier: workspace:*
        version: link:../a

  ../vendored/is-number: {}

packages:

  '@aspect-test/a@5.0.2':
    resolution: {integrity: sha512-bURS+F0+tS2XPxUPbrqsTZxIre1U5ZglwzDqcOCrU7MbxuRrkO24hesgTMGJldCglwL/tiEGRlvdMndlPgRdNw==}
    hasBin: true

  '@aspect-test/b@5.0.2':
    resolution: {integrity: sha512-I8wnJV5J0h8ui1O3K6XPq1qGHKopTl/OnvkSfor7uJ9yRCm2Qv6Tf2LsTgR2xzkgiwhA4iBwdYFwecwinF244w==}
    hasBin: true

  '@aspect-test/c@2.0.0':
    resolution: {integrity: sha512-vRuHi/8zxZ+IRGdgdX4VoMNFZrR9UqO87yQx61IGIkjgV7QcKUeu5jfvIE3Mr0WNQeMdO1JpyTx1UUpsE73iug==}
    hasBin: true

  '@aspect-test/c@2.0.2':
    resolution: {integrity: sha512-rMJmd3YBvY7y0jh+2m72TiAhe6dVKjMMNFFVOXFCbM233m7lsG4cq970H1C8rUsc3AcA5E/cEHlxSVffHlHD2Q==}
    hasBin: true

  '@aspect-test/d@2.0.0':
    resolution: {integrity: sha512-jndwr8pLUfn795uApTcXG/yZ5hV2At1aS/wo5BVLxqlVVgLoOETF/Dp4QOjMHE/SXkXFowz6Hao+WpmzVvAO0A==}
    hasBin: true
    peerDependencies:
      '@aspect-test/c': x.x.x

  '@aspect-test/e@1.0.0':
    resolution: {integrity: sha512-GyAxHYKN650db+xnimHnL2LPz65ilmQsVhCasWA7drDNQn/rfmPiEVMzjRiS7m46scXIERaBmiJMzYDf0bIUbA==}
    hasBin: true

  '@foo/jsonify@https://github.com/aspect-build/test-packages/releases/download/0.0.0/@foo-jsonify-0.0.0.tgz':
    resolution: {tarball: https://github.com/aspect-build/test-packages/releases/download/0.0.0/@foo-jsonify-0.0.0.tgz}
    version: 0.0.0

  '@isaacs/cliui@8.0.2':
    resolution: {integrity: sha512-O8jcjabXaleOG9DQ0+ARXWZBTfnP4WNAqzuiJK7ll44AmxGKv/J2M4TPjxjY3znBCfvBXFzucm1twdyFybFqEA==}
    engines: {node: '>=12'}

  '@rollup/plugin-typescript@8.2.1':
    resolution: {integrity: sha512-Qd2E1pleDR4bwyFxqbjt4eJf+wB0UKVMLc7/BAFDGVdAXQMCsD4DUv5/7/ww47BZCYxWtJqe1Lo0KVNswBJlRw==}
    engines: {node: '>=8.0.0'}
    peerDependencies:
      rollup: ^2.14.0
      tslib: '*'
      typescript: 5.5.2

  '@rollup/pluginutils@3.1.0':
    resolution: {integrity: sha512-GksZ6pr6TpIjHm8h9lSQ8pi8BE9VeubNT0OMJ3B5uZJ8pz73NPiqOtCog/x2/QzM1ENChPKxMDhiQuRHsqc+lg==}
    engines: {node: '>= 8.0.0'}
    peerDependencies:
      rollup: ^1.20.0||^2.0.0

  '@scoped/c@file:../projects/c':
    resolution: {directory: ../projects/c, type: directory}

  '@types/archiver@5.3.1':
    resolution: {integrity: sha512-wKYZaSXaDvTZuInAWjCeGG7BEAgTWG2zZW0/f7IYFcoHB2X2d9lkVFnrOlXl3W6NrvO6Ml3FLLu8Uksyymcpnw==, tarball: https://registry.npmjs.org/@types/archiver/-/archiver-5.3.1.tgz}

  '@types/estree@0.0.39':
    resolution: {integrity: sha512-EYNwp3bU+98cpU4lAWYYL7Zz+2gryWH1qbdDTidVd6hkiR6weksdbMadyXKXNPEkQFhXM+hVO9ZygomHXp+AIw==, tarball: https://registry.npmjs.org/@types/estree/-/estree-0.0.39.tgz}

  '@types/glob@8.1.0':
    resolution: {integrity: sha512-IO+MJPVhoqz+28h1qLAcBEH2+xHMK6MTyHJc7MTnnYb6wsoLR29POVGJ7LycmVXIqyy/4/2ShP5sUwTXuOwb/w==, tarball: https://registry.npmjs.org/@types/glob/-/glob-8.1.0.tgz}

  '@types/minimatch@5.1.2':
    resolution: {integrity: sha512-K0VQKziLUWkVKiRVrx4a40iPaxTUefQmjtkQofBkYRcoaaL/8rhwDWww9qWbrgicNOgnpIsMxyNIUM4+n6dUIA==, tarball: https://registry.npmjs.org/@types/minimatch/-/minimatch-5.1.2.tgz}

  '@types/node@16.18.11':
    resolution: {integrity: sha512-3oJbGBUWuS6ahSnEq1eN2XrCyf4YsWI8OyCvo7c64zQJNplk3mO84t53o8lfTk+2ji59g5ycfc6qQ3fdHliHuA==, tarball: https://registry.npmjs.org/@types/node/-/node-16.18.11.tgz}

  '@types/sizzle@2.3.8':
    resolution: {integrity: sha512-0vWLNK2D5MT9dg0iOo8GlKguPAU02QjmZitPEsXRuJXU/OGIOt9vT9Fc26wtYuavLxtO45v9PGleoL9Z0k1LHg==, tarball: https://registry.npmjs.org/@types/sizzle/-/sizzle-2.3.8.tgz}

  ansi-regex@5.0.1:
    resolution: {integrity: sha512-quJQXlTSUGL2LH9SUXo8VwsY4soanhgo6LNSm84E1LBcE8s3O0wpdiRzyR9z/ZZJMlMWv37qOOb9pdJlMUEKFQ==}
    engines: {node: '>=8'}

  ansi-regex@6.1.0:
    resolution: {integrity: sha512-7HSX4QQb4CspciLpVFwyRe79O3xsIZDDLER21kERQ71oaPodF8jL725AgJMFAYbooIqolJoRLuM81SpeUkpkvA==}
    engines: {node: '>=12'}

  ansi-styles@4.3.0:
    resolution: {integrity: sha512-zbB9rCJAT1rbjiVDb2hqKFHNYLxgtk8NURxZ3IZwD3F6NtxbXZQCnnSi1Lkx+IDohdPlFp222wVALIheZJQSEg==}
    engines: {node: '>=8'}

  ansi-styles@6.2.1:
    resolution: {integrity: sha512-bN798gFfQX+viw3R7yrGWRqnrN2oRkEkUjjl4JNn4E8GxxbjtG3FbrEIIY3l8/hrwUwIeCZvi4QuOTP4MErVug==}
    engines: {node: '>=12'}

  color-convert@2.0.1:
    resolution: {integrity: sha512-RRECPsj7iu/xb5oKYcsFHSppFNnsj/52OVTRKb4zP5onXwVF3zVmmToNcOfGC+CRDpfK/U584fMg38ZHCaElKQ==}
    engines: {node: '>=7.0.0'}

  color-name@1.1.4:
    resolution: {integrity: sha512-dOy+3AuW3a2wNbZHIuMZpTcgjGuLU/uBL/ubcZF9OXbDo8ff4O8yVp5Bf0efS8uEoYo5q4Fx7dY9OgQGXgAsQA==}

  debug@https://codeload.github.com/ngokevin/debug/tar.gz/9742c5f383a6f8046241920156236ade8ec30d53:
    resolution: {tarball: https://codeload.github.com/ngokevin/debug/tar.gz/9742c5f383a6f8046241920156236ade8ec30d53}
    version: 2.6.3
    peerDependencies:
      supports-color: '*'
    peerDependenciesMeta:
      supports-color:
        optional: true

  dequal@2.0.3:
    resolution: {integrity: sha512-0je+qPKHEMohvfRTCEo3CrPG6cAzAYgmzKyxRiYSSDkS6eGJdyVJm7WaYA5ECaAD9wLB2T4EEeymA5aFVcYXCA==}
    engines: {node: '>=6'}

  diff@https://github.com/kpdecker/jsdiff/archive/refs/tags/v5.2.0.tar.gz:
    resolution: {tarball: https://github.com/kpdecker/jsdiff/archive/refs/tags/v5.2.0.tar.gz}
    version: 5.2.0
    engines: {node: '>=0.3.1'}

  eastasianwidth@0.2.0:
    resolution: {integrity: sha512-I88TYZWc9XiYHRQ4/3c5rjjfgkjhLyW2luGIheGERbNQ6OY7yTybanSpDXZa8y7VUP9YmDcYa+eyq4ca7iLqWA==}

  emoji-regex@8.0.0:
    resolution: {integrity: sha512-MSjYzcWNOA0ewAHpz0MxpYFvwg6yjy1NG3xteoqz644VCo/RPgnr1/GGt+ic3iJTzQ8Eu3TdM14SawnVUmGE6A==}

  emoji-regex@9.2.2:
    resolution: {integrity: sha512-L18DaJsXSUk2+42pv8mLs5jJT2hqFkFE4j21wOmgbUqsZ2hL72NsUU785g9RXgo3s0ZNgVl42TiHp3ZtOv/Vyg==}

  estree-walker@1.0.1:
    resolution: {integrity: sha512-1fMXF3YP4pZZVozF8j/ZLfvnR8NSIljt56UhbZ5PeeDmmGHpgpdwQt7ITlGvYaQukCvuBRMLEiKiYC+oeIg4cg==}

  fsevents@2.3.3:
    resolution: {integrity: sha512-5xoDfX+fL7faATnagmWPpbFtwh/R77WmMMqqHGS65C3vvB0YHrgF+B1YmZ3441tMj5n63k0212XNoJwzlhffQw==}
    engines: {node: ^8.16.0 || ^10.6.0 || >=11.0.0}
    os: [darwin]

  function-bind@1.1.2:
    resolution: {integrity: sha512-7XHNxH7qX9xG5mIwxkhumTox/MIRNcOgDrxWsMt2pAr23WHp6MrRlN7FBSFpCpr+oVO0F744iUgR82nJMfG2SA==}

  hasown@2.0.2:
    resolution: {integrity: sha512-0hJU9SCPvmMzIBdZFqNPXWa6dqh7WdH0cII9y+CyS8rG3nL48Bclra9HmKhVVUHyPWNH5Y7xDwAB7bfgSjkUMQ==}
    engines: {node: '>= 0.4'}

  hello@https://gitpkg.vercel.app/EqualMa/gitpkg-hello/packages/hello:
    resolution: {tarball: https://gitpkg.vercel.app/EqualMa/gitpkg-hello/packages/hello}
    version: 1.0.0

  is-core-module@2.15.1:
    resolution: {integrity: sha512-z0vtXSwucUJtANQWldhbtbt7BnL0vxiFjIdDLAatwhDYty2bad6s+rijD6Ri4YuYJubLzIJLUidCh09e1djEVQ==}
    engines: {node: '>= 0.4'}

  is-fullwidth-code-point@3.0.0:
    resolution: {integrity: sha512-zymm5+u+sCsSWyD9qNaejV3DFvhCKclKdizYaJUuHA83RLjb7nSuGnddCHGv0hk+KY7BMAlsWeK4Ueg6EV6XQg==}
    engines: {node: '>=8'}

  is-number@file:../vendored/is-number:
    resolution: {directory: ../vendored/is-number, type: directory}

  is-odd@0.1.0:
    resolution: {integrity: sha512-3RKAybrJxq3zCUC+TJ5Ao0sBsbacAT3OBeNVcCbsQsHUC70qWK2R4JsIvax4OTjeGWnB8FumAWATUtS1jd+KYw==}
    engines: {node: '>=0.10.0'}

  is-odd@1.0.0:
    resolution: {integrity: sha512-yIhxkKCK7pZnj48WBvaTQ36Or7PymGYqmZrSNqkrhmU3pakkp2TWhuN7hH25bqJgH+Xq4IZ3QNd3+QVshldEHA==}
    engines: {node: '>=0.10.0'}

  is-odd@2.0.0:
    resolution: {integrity: sha512-OTiixgpZAT1M4NHgS5IguFp/Vz2VI3U7Goh4/HA1adtwyLtSBrxYlcSYkhpAE07s4fKEcjrFxyvtQBND4vFQyQ==}
    engines: {node: '>=0.10.0'}

  is-odd@3.0.0:
    resolution: {integrity: sha512-204vE5IJ0Cd6pA6x1dMyLooGk6/xeKuq90imFuJN/ndMDBP4Sk9tJpBlTedHPvt6KDbtTDTsjVzzgctFqNV7FQ==}
    engines: {node: '>=4'}

  is-odd@3.0.1:
    resolution: {integrity: sha512-CQpnWPrDwmP1+SMHXZhtLtJv90yiyVfluGsX5iNCVkrhQtU3TQHsUWPG9wkdk9Lgd5yNpAg9jQEo90CBaXgWMA==}
    engines: {node: '>=4'}

  jquery@https://codeload.github.com/jquery/jquery/tar.gz/e61fccb9d736235b4b011f89cba6866bc0b8997d:
    resolution: {tarball: https://codeload.github.com/jquery/jquery/tar.gz/e61fccb9d736235b4b011f89cba6866bc0b8997d}
    version: 3.0.0-pre

  kleur@4.1.5:
    resolution: {integrity: sha512-o+NO+8WrRiQEE4/7nwRJhN1HWpVmJm511pBHUxPLtp0BUISzlBplORYSmTclCnJvQq2tKu/sgl3xVpkc7ZWuQQ==}
    engines: {node: '>=6'}

  lodash@file:../vendored/lodash-4.17.21.tgz:
    resolution: {integrity: sha512-v2kDEe57lecTulaDIuNTPy3Ry4gLGJ6Z1O3vE1krgXZNrsQ+LFTGHVxVjcXPs17LhbZVGedAJv8XZ1tvj5FvSg==, tarball: file:../vendored/lodash-4.17.21.tgz}
    version: 4.17.21

  meaning-of-life@1.0.0:
    resolution: {integrity: sha512-fVA4xSydqtK9owabGcYw1r4EKEsMOVVeYQLeCXPu77Z+8Y2j2B2I16UqZlKIOHnYkJ4RSvpJ00ywy9IWjmuxYw==}

  mri@1.2.0:
    resolution: {integrity: sha512-tzzskb3bG8LvYGFF/mDTpq3jpI6Q9wc3LEmBaghu+DdCssd1FakN7Bc0hVNmEyGq1bq3RgfkCb3cmQLpNPOroA==}
    engines: {node: '>=4'}

  ms@0.7.3:
    resolution: {integrity: sha512-lrKNzMWqQZgwJahtrtrM+9NgOoDUveDrVmm5aGXrf3BdtL0mq7X6IVzoZaw+TfNti29eHd1/8GI+h45K5cQ6/w==}

  path-parse@1.0.7:
    resolution: {integrity: sha512-LDJzPVEEEPR+y48z93A0Ed0yXb8pAByGWo/k5YYdYgpY2/2EsOsksJrq7lOHxryrVOn1ejG6oAp8ahvOIQD8sw==}

  picomatch@2.3.1:
    resolution: {integrity: sha512-JU3teHTNjmE2VCGFzuY8EXzCDVwEqB2a8fsIvwaStHhAWJEeVd1o1QD80CU6+ZdEXXSLbSsuLwJjkCBWqRQUVA==}
    engines: {node: '>=8.6'}

  resolve@1.22.8:
    resolution: {integrity: sha512-oKWePCxqpd6FlLvGV1VU0x7bkPmmCNolxzjMf4NczoDnQcIWrAF+cPtZn5i6n+RfD2d9i0tzpKnG6Yk168yIyw==}
    hasBin: true

  rollup@2.14.0:
    resolution: {integrity: sha512-SUsFh2bBemQqCXOCBWRayjK3/6kNHVR8PbSKKYWIdI6e4zuGSW5B1hGVkFi40805dUrqosMLLxMuEyJMylC9YA==}
    engines: {node: '>=10.0.0'}
    hasBin: true

  rollup@3.29.4:
    resolution: {integrity: sha512-oWzmBZwvYrU0iJHtDmhsm662rC15FRXmcjCk1xD771dFDx5jJ02ufAQQTn0etB2emNk4J9EZg/yWKpsn9BWGRw==}
    engines: {node: '>=14.18.0', npm: '>=8.0.0'}
    hasBin: true

  sade@1.8.1:
    resolution: {integrity: sha512-xal3CZX1Xlo/k4ApwCFrHVACi9fBqJ7V+mwhBsuf/1IOKbBy098Fex+Wa/5QMubw09pSZ/u8EY8PWgevJsXp1A==}
    engines: {node: '>=6'}

  string-width@4.2.3:
    resolution: {integrity: sha512-wKyQRQpjJ0sIp62ErSZdGsjMJWsap5oRNihHhu6G7JVO/9jIB6UyevL+tXuOqrng8j/cxKTWyWUwvSTriiZz/g==}
    engines: {node: '>=8'}

  string-width@5.1.2:
    resolution: {integrity: sha512-HnLOCR3vjcY8beoNLtcjZ5/nxn2afmME6lhrDrebokqMap+XbeW8n9TXpPDOqdGK5qcI3oT0GKTW6wC7EMiVqA==}
    engines: {node: '>=12'}

  strip-ansi@6.0.1:
    resolution: {integrity: sha512-Y38VPSHcqkFrCpFnQ9vuSXmquuv5oXOKpGeT6aGrr3o3Gc9AlVa6JBfUSOCnbxGGZF+/0ooI7KrPuUSztUdU5A==}
    engines: {node: '>=8'}

  strip-ansi@7.1.0:
    resolution: {integrity: sha512-iq6eVVI64nQQTRYq2KtEg2d2uU7LElhTJwsH4YzIHZshxlgZms/wIc4VoDQTlG/IvVIrBKG06CrZnp0qv7hkcQ==}
    engines: {node: '>=12'}

  supports-preserve-symlinks-flag@1.0.0:
    resolution: {integrity: sha512-ot0WnXS9fgdkgIcePe6RHNk1WA8+muPa6cSjeR3V8K27q9BB1rTE3R1p7Hv0z1ZyAc8s6Vvv8DIyWf681MAt0w==}
    engines: {node: '>= 0.4'}

  tslib@2.8.0:
    resolution: {integrity: sha512-jWVzBLplnCmoaTr13V9dYbiQ99wvZRd0vNWaDRg+aVYRcjDF3nDksxFDE/+fkXnKhpnUUkmx5pK/v8mCtLVqZA==}

  typescript@5.5.2:
    resolution: {integrity: sha512-NcRtPEOsPFFWjobJEtfihkLCZCXZt/os3zf8nTxjVH3RvTSxjrCamJpbExGvYOF+tFHc3pA65qpdwPbzjohhew==}
    engines: {node: '>=14.17'}
    hasBin: true

  uvu@0.5.6:
    resolution: {integrity: sha512-+g8ENReyr8YsOc6fv/NVJs2vFdHBnBNdfE49rshrTzDWOlUx4Gq7KOS2GD8eqhy2j+Ejq29+SbKH8yjkAqXqoA==}
    engines: {node: '>=8'}
    hasBin: true

  wrap-ansi@7.0.0:
    resolution: {integrity: sha512-YVGIj2kamLSTxw6NsZjoBxfSwsn0ycdesmc4p+Q21c5zPuZ1pl+NfxVdxPtdHvmNVOQ6XSYG4AUtyt/Fi7D16Q==}
    engines: {node: '>=10'}

  wrap-ansi@8.1.0:
    resolution: {integrity: sha512-si7QWI6zUMq56bESFvagtmzMdGOtoxfR+Sez11Mobfc7tm+VkUckk9bW2UeffTGVUbOksxmSw0AA2gs8g71NCQ==}
    engines: {node: '>=12'}

snapshots:

  '@aspect-test/a@5.0.2':
    dependencies:
      '@aspect-test/b': 5.0.2
      '@aspect-test/c': 2.0.2
      '@aspect-test/d': 2.0.0(@aspect-test/c@2.0.2)

  '@aspect-test/b@5.0.2':
    dependencies:
      '@aspect-test/a': 5.0.2
      '@aspect-test/c': 2.0.2
      '@aspect-test/d': 2.0.0(@aspect-test/c@2.0.2)

  '@aspect-test/c@2.0.0':
    optional: true

  '@aspect-test/c@2.0.2': {}

  '@aspect-test/d@2.0.0(@aspect-test/c@2.0.2)':
    dependencies:
      '@aspect-test/c': 2.0.2

  '@aspect-test/e@1.0.0': {}

  '@foo/jsonify@https://github.com/aspect-build/test-packages/releases/download/0.0.0/@foo-jsonify-0.0.0.tgz': {}

  '@isaacs/cliui@8.0.2':
    dependencies:
      string-width: 5.1.2
      string-width-cjs: string-width@4.2.3
      strip-ansi: 7.1.0
      strip-ansi-cjs: strip-ansi@6.0.1
      wrap-ansi: 8.1.0
      wrap-ansi-cjs: wrap-ansi@7.0.0

  '@rollup/plugin-typescript@8.2.1(rollup@2.14.0)(tslib@2.8.0)(typescript@5.5.2)':
    dependencies:
      '@rollup/pluginutils': 3.1.0(rollup@2.14.0)
      resolve: 1.22.8
      rollup: 2.14.0
      tslib: 2.8.0
      typescript: 5.5.2

  '@rollup/pluginutils@3.1.0(rollup@2.14.0)':
    dependencies:
      '@types/estree': 0.0.39
      estree-walker: 1.0.1
      picomatch: 2.3.1
      rollup: 2.14.0

  '@scoped/c@file:../projects/c':
    dependencies:
      '@scoped/a': link:../a

  '@types/archiver@5.3.1':
    dependencies:
      '@types/glob': 8.1.0

  '@types/estree@0.0.39': {}

  '@types/glob@8.1.0':
    dependencies:
      '@types/minimatch': 5.1.2
      '@types/node': 16.18.11

  '@types/minimatch@5.1.2': {}

  '@types/node@16.18.11': {}

  '@types/sizzle@2.3.8': {}

  ansi-regex@5.0.1: {}

  ansi-regex@6.1.0: {}

  ansi-styles@4.3.0:
    dependencies:
      color-convert: 2.0.1

  ansi-styles@6.2.1: {}

  color-convert@2.0.1:
    dependencies:
      color-name: 1.1.4

  color-name@1.1.4: {}

  debug@https://codeload.github.com/ngokevin/debug/tar.gz/9742c5f383a6f8046241920156236ade8ec30d53:
    dependencies:
      ms: 0.7.3

  dequal@2.0.3: {}

  diff@https://github.com/kpdecker/jsdiff/archive/refs/tags/v5.2.0.tar.gz: {}

  eastasianwidth@0.2.0: {}

  emoji-regex@8.0.0: {}

  emoji-regex@9.2.2: {}

  estree-walker@1.0.1: {}

  fsevents@2.3.3:
    optional: true

  function-bind@1.1.2: {}

  hasown@2.0.2:
    dependencies:
      function-bind: 1.1.2

  hello@https://gitpkg.vercel.app/EqualMa/gitpkg-hello/packages/hello: {}

  is-core-module@2.15.1:
    dependencies:
      hasown: 2.0.2

  is-fullwidth-code-point@3.0.0: {}

  is-number@file:../vendored/is-number: {}

  is-odd@0.1.0:
    dependencies:
      is-number: file:../vendored/is-number

  is-odd@1.0.0:
    dependencies:
      is-number: file:../vendored/is-number

  is-odd@2.0.0:
    dependencies:
      is-number: file:../vendored/is-number

  is-odd@3.0.0:
    dependencies:
      is-number: file:../vendored/is-number

  is-odd@3.0.1:
    dependencies:
      is-number: file:../vendored/is-number

  jquery@https://codeload.github.com/jquery/jquery/tar.gz/e61fccb9d736235b4b011f89cba6866bc0b8997d: {}

  kleur@4.1.5: {}

  lodash@file:../vendored/lodash-4.17.21.tgz: {}

  meaning-of-life@1.0.0(patch_hash=o3deharooos255qt5xdujc3cuq): {}

  mri@1.2.0: {}

  ms@0.7.3: {}

  path-parse@1.0.7: {}

  picomatch@2.3.1: {}

  resolve@1.22.8:
    dependencies:
      is-core-module: 2.15.1
      path-parse: 1.0.7
      supports-preserve-symlinks-flag: 1.0.0

  rollup@2.14.0:
    optionalDependencies:
      fsevents: 2.3.3

  rollup@3.29.4:
    optionalDependencies:
      fsevents: 2.3.3

  sade@1.8.1:
    dependencies:
      mri: 1.2.0

  string-width@4.2.3:
    dependencies:
      emoji-regex: 8.0.0
      is-fullwidth-code-point: 3.0.0
      strip-ansi: 6.0.1

  string-width@5.1.2:
    dependencies:
      eastasianwidth: 0.2.0
      emoji-regex: 9.2.2
      strip-ansi: 7.1.0

  strip-ansi@6.0.1:
    dependencies:
      ansi-regex: 5.0.1

  strip-ansi@7.1.0:
    dependencies:
      ansi-regex: 6.1.0

  supports-preserve-symlinks-flag@1.0.0: {}

  tslib@2.8.0: {}

  typescript@5.5.2: {}

  uvu@0.5.6:
    dependencies:
      dequal: 2.0.3
      diff: https://github.com/kpdecker/jsdiff/archive/refs/tags/v5.2.0.tar.gz
      kleur: 4.1.5
      sade: 1.8.1

  wrap-ansi@7.0.0:
    dependencies:
      ansi-styles: 4.3.0
      string-width: 4.2.3
      strip-ansi: 6.0.1

  wrap-ansi@8.1.0:
    dependencies:
      ansi-styles: 6.2.1
      string-width: 5.1.2
      strip-ansi: 7.1.0
