lockfileVersion: '9.0'

settings:
  autoInstallPeers: true
  excludeLinksFromLockfile: false

patchedDependencies:
  meaning-of-life@1.0.0:
    hash: o3deharooos255qt5xdujc3cuq
    path: patches/meaning-of-life@1.0.0-pnpm.patch

importers:

  .:
    dependencies:
      '@aspect-test/a':
        specifier: ^5.0.2
        version: 5.0.2
      '@aspect-test/a2':
        specifier: npm:@aspect-test/a
        version: '@aspect-test/a@5.0.2'
      '@aspect-test/e':
        specifier: 1.0.0
        version: 1.0.0
      '@scoped/a':
        specifier: workspace:*
        version: link:../projects/a
      '@scoped/b':
        specifier: link:../projects/b
        version: link:../projects/b
      '@scoped/d':
        specifier: ../projects/d
        version: link:../projects/d
      meaning-of-life:
        specifier: 1.0.0
        version: 1.0.0(patch_hash=o3deharooos255qt5xdujc3cuq)
      rollup:
        specifier: 3.2.5
        version: 3.2.5
      uvu:
        specifier: 0.5.6
        version: 0.5.6
    optionalDependencies:
      '@aspect-test/c':
        specifier: '2.0'
        version: 2.0.2
    devDependencies:
      '@aspect-test/b':
        specifier: 5.0.2
        version: 5.0.2
      '@types/node':
        specifier: ~16.18.11
        version: 16.18.97

  ../projects/a: {}

  ../projects/b:
    dependencies:
      '@scoped/a':
        specifier: workspace:*
        version: link:../a

  ../projects/c:
    dependencies:
      '@scoped/a':
        specifier: link:../a
        version: link:../a

  ../projects/d:
    dependencies:
      '@scoped/a':
        specifier: workspace:*
        version: link:../a

packages:

  '@aspect-test/a@5.0.2':
    resolution: {integrity: sha512-bURS+F0+tS2XPxUPbrqsTZxIre1U5ZglwzDqcOCrU7MbxuRrkO24hesgTMGJldCglwL/tiEGRlvdMndlPgRdNw==}
    hasBin: true

  '@aspect-test/b@5.0.2':
    resolution: {integrity: sha512-I8wnJV5J0h8ui1O3K6XPq1qGHKopTl/OnvkSfor7uJ9yRCm2Qv6Tf2LsTgR2xzkgiwhA4iBwdYFwecwinF244w==}
    hasBin: true

  '@aspect-test/c@2.0.2':
    resolution: {integrity: sha512-rMJmd3YBvY7y0jh+2m72TiAhe6dVKjMMNFFVOXFCbM233m7lsG4cq970H1C8rUsc3AcA5E/cEHlxSVffHlHD2Q==}
    hasBin: true

  '@aspect-test/d@2.0.0':
    resolution: {integrity: sha512-jndwr8pLUfn795uApTcXG/yZ5hV2At1aS/wo5BVLxqlVVgLoOETF/Dp4QOjMHE/SXkXFowz6Hao+WpmzVvAO0A==}
    hasBin: true
    peerDependencies:
      '@aspect-test/c': x.x.x

  '@aspect-test/e@1.0.0':
    resolution: {integrity: sha512-GyAxHYKN650db+xnimHnL2LPz65ilmQsVhCasWA7drDNQn/rfmPiEVMzjRiS7m46scXIERaBmiJMzYDf0bIUbA==}
    hasBin: true

  '@types/node@16.18.97':
    resolution: {integrity: sha512-4muilE1Lbfn57unR+/nT9AFjWk0MtWi5muwCEJqnOvfRQDbSfLCUdN7vCIg8TYuaANfhLOV85ve+FNpiUsbSRg==, tarball: https://registry.npmjs.org/@types/node/-/node-16.18.97.tgz}

  dequal@2.0.3:
    resolution: {integrity: sha512-0je+qPKHEMohvfRTCEo3CrPG6cAzAYgmzKyxRiYSSDkS6eGJdyVJm7WaYA5ECaAD9wLB2T4EEeymA5aFVcYXCA==}
    engines: {node: '>=6'}

  diff@5.2.0:
    resolution: {integrity: sha512-uIFDxqpRZGZ6ThOk84hEfqWoHx2devRFvpTZcTHur85vImfaxUbTW9Ryh4CpCuDnToOP1CEtXKIgytHBPVff5A==}
    engines: {node: '>=0.3.1'}

  fsevents@2.3.3:
    resolution: {integrity: sha512-5xoDfX+fL7faATnagmWPpbFtwh/R77WmMMqqHGS65C3vvB0YHrgF+B1YmZ3441tMj5n63k0212XNoJwzlhffQw==}
    engines: {node: ^8.16.0 || ^10.6.0 || >=11.0.0}
    os: [darwin]

  kleur@4.1.5:
    resolution: {integrity: sha512-o+NO+8WrRiQEE4/7nwRJhN1HWpVmJm511pBHUxPLtp0BUISzlBplORYSmTclCnJvQq2tKu/sgl3xVpkc7ZWuQQ==}
    engines: {node: '>=6'}

  meaning-of-life@1.0.0:
    resolution: {integrity: sha512-fVA4xSydqtK9owabGcYw1r4EKEsMOVVeYQLeCXPu77Z+8Y2j2B2I16UqZlKIOHnYkJ4RSvpJ00ywy9IWjmuxYw==}

  mri@1.2.0:
    resolution: {integrity: sha512-tzzskb3bG8LvYGFF/mDTpq3jpI6Q9wc3LEmBaghu+DdCssd1FakN7Bc0hVNmEyGq1bq3RgfkCb3cmQLpNPOroA==}
    engines: {node: '>=4'}

  rollup@3.2.5:
    resolution: {integrity: sha512-/Ha7HhVVofduy+RKWOQJrxe4Qb3xyZo+chcpYiD8SoQa4AG7llhupUtyfKSSrdBM2mWJjhM8wZwmbY23NmlIYw==}
    engines: {node: '>=14.18.0', npm: '>=8.0.0'}
    hasBin: true

  sade@1.8.1:
    resolution: {integrity: sha512-xal3CZX1Xlo/k4ApwCFrHVACi9fBqJ7V+mwhBsuf/1IOKbBy098Fex+Wa/5QMubw09pSZ/u8EY8PWgevJsXp1A==}
    engines: {node: '>=6'}

  uvu@0.5.6:
    resolution: {integrity: sha512-+g8ENReyr8YsOc6fv/NVJs2vFdHBnBNdfE49rshrTzDWOlUx4Gq7KOS2GD8eqhy2j+Ejq29+SbKH8yjkAqXqoA==}
    engines: {node: '>=8'}
    hasBin: true

snapshots:

  '@aspect-test/a@5.0.2':
    dependencies:
      '@aspect-test/b': 5.0.2
      '@aspect-test/c': 2.0.2
      '@aspect-test/d': 2.0.0(@aspect-test/c@2.0.2)

  '@aspect-test/b@5.0.2':
    dependencies:
      '@aspect-test/a': 5.0.2
      '@aspect-test/c': 2.0.2
      '@aspect-test/d': 2.0.0(@aspect-test/c@2.0.2)

  '@aspect-test/c@2.0.2': {}

  '@aspect-test/d@2.0.0(@aspect-test/c@2.0.2)':
    dependencies:
      '@aspect-test/c': 2.0.2

  '@aspect-test/e@1.0.0': {}

  '@types/node@16.18.97': {}

  dequal@2.0.3: {}

  diff@5.2.0: {}

  fsevents@2.3.3:
    optional: true

  kleur@4.1.5: {}

  meaning-of-life@1.0.0(patch_hash=o3deharooos255qt5xdujc3cuq): {}

  mri@1.2.0: {}

  rollup@3.2.5:
    optionalDependencies:
      fsevents: 2.3.3

  sade@1.8.1:
    dependencies:
      mri: 1.2.0

  uvu@0.5.6:
    dependencies:
      dequal: 2.0.3
      diff: 5.2.0
      kleur: 4.1.5
      sade: 1.8.1
