lockfileVersion: 5.4

importers:

  .:
    specifiers:
      '@aspect-test/a': 5.0.2
      '@aspect-test/b': 5.0.2
      '@aspect-test/c': 2.0.2
      typescript: 4.9.4
    dependencies:
      '@aspect-test/a': 5.0.2
      typescript: 4.9.4
    optionalDependencies:
      '@aspect-test/c': 2.0.2
    devDependencies:
      '@aspect-test/b': 5.0.2

  app/a:
    specifiers:
      '@aspect-test/a': 5.0.2
      '@aspect-test/g': 1.0.0
      '@lib/a': workspace:*
    dependencies:
      '@aspect-test/a': 5.0.2
      '@aspect-test/g': 1.0.0
      '@lib/a': link:../../lib/a

  app/b:
    specifiers:
      '@aspect-test/h': 1.0.0
      '@lib/b': workspace:*
      '@lib/b_alias': workspace:@lib/b@*
    dependencies:
      '@aspect-test/h': 1.0.0
      '@lib/b': link:../../lib/b
      '@lib/b_alias': link:../../lib/b

  app/c:
    specifiers:
      '@aspect-test/a': 5.0.2
      '@aspect-test/g': 1.0.0
      '@lib/c': file:../../lib/c
    dependencies:
      '@aspect-test/a': 5.0.2
      '@aspect-test/g': 1.0.0
      '@lib/c': file:lib/c

  lib/a:
    specifiers:
      '@aspect-test/e': 1.0.0
      '@lib/b': workspace:*
      vendored-a: file:../../vendored/a
      vendored-b: file:../../vendored/b
    dependencies:
      '@aspect-test/e': 1.0.0
      '@lib/b': link:../b
      vendored-a: file:vendored/a
      vendored-b: file:vendored/b_@lib+b@lib+b

  lib/b:
    specifiers:
      '@aspect-test/f': 1.0.0
    dependencies:
      '@aspect-test/f': 1.0.0

  lib/c:
    specifiers:
      '@aspect-test/f': 1.0.0
    dependencies:
      '@aspect-test/f': 1.0.0

packages:

  /@aspect-test/a/5.0.2:
    resolution: {integrity: sha512-bURS+F0+tS2XPxUPbrqsTZxIre1U5ZglwzDqcOCrU7MbxuRrkO24hesgTMGJldCglwL/tiEGRlvdMndlPgRdNw==}
    hasBin: true
    dependencies:
      '@aspect-test/b': 5.0.2
      '@aspect-test/c': 2.0.2
      '@aspect-test/d': 2.0.0_@aspect-test+c@2.0.2

  /@aspect-test/b/5.0.2:
    resolution: {integrity: sha512-I8wnJV5J0h8ui1O3K6XPq1qGHKopTl/OnvkSfor7uJ9yRCm2Qv6Tf2LsTgR2xzkgiwhA4iBwdYFwecwinF244w==}
    hasBin: true
    dependencies:
      '@aspect-test/a': 5.0.2
      '@aspect-test/c': 2.0.2
      '@aspect-test/d': 2.0.0_@aspect-test+c@2.0.2

  /@aspect-test/c/2.0.2:
    resolution: {integrity: sha512-rMJmd3YBvY7y0jh+2m72TiAhe6dVKjMMNFFVOXFCbM233m7lsG4cq970H1C8rUsc3AcA5E/cEHlxSVffHlHD2Q==}
    hasBin: true
    requiresBuild: true

  /@aspect-test/d/2.0.0_@aspect-test+c@2.0.2:
    resolution: {integrity: sha512-jndwr8pLUfn795uApTcXG/yZ5hV2At1aS/wo5BVLxqlVVgLoOETF/Dp4QOjMHE/SXkXFowz6Hao+WpmzVvAO0A==}
    hasBin: true
    peerDependencies:
      '@aspect-test/c': x.x.x
    dependencies:
      '@aspect-test/c': 2.0.2

  /@aspect-test/e/1.0.0:
    resolution: {integrity: sha512-GyAxHYKN650db+xnimHnL2LPz65ilmQsVhCasWA7drDNQn/rfmPiEVMzjRiS7m46scXIERaBmiJMzYDf0bIUbA==}
    hasBin: true
    dev: false

  /@aspect-test/f/1.0.0:
    resolution: {integrity: sha512-VjuHu/TXdK0dfMeArZoOFaBY0Z/wAjWuCNtEWDTVJftbDcBtcH3IrhLrOy0NdJu+/CjE0qLCEb78eDGniKNUFA==}
    hasBin: true
    dev: false

  /@aspect-test/g/1.0.0:
    resolution: {integrity: sha512-nYxZCTIw+sHZfuKsqBBL7CW3KOliEoQh0D/ynWyUoB2Vi+DT2+nuvghXqL70/eNegjQ/8hUNTRBDBN2CPgoY8A==}
    hasBin: true
    dev: false

  /@aspect-test/h/1.0.0:
    resolution: {integrity: sha512-U1LStvh2QPmdQN7rlR0PTZZ1btTTcjiHxVmq5SvTxIRgIaJMCIsxcS5ghrd71H/JIwnJOmhI7BEQN3n6Hq9WSw==}
    hasBin: true
    dev: false

  /typescript/4.9.4:
    resolution: {integrity: sha512-Uz+dTXYzxXXbsFpM86Wh3dKCxrQqUcVMxwU54orwlJjOpO3ao8L7j5lH+dWfTwgCwIuM9GQ2kvVotzYJMXTBZg==}
    engines: {node: '>=4.2.0'}
    hasBin: true
    dev: false

  file:lib/c:
    resolution: {directory: lib/c, type: directory}
    name: '@lib/c'
    dependencies:
      '@aspect-test/f': 1.0.0
    dev: false

  file:vendored/a:
    resolution: {directory: vendored/a, type: directory}
    name: vendored-a
    version: 1.0.0
    dependencies:
      '@aspect-test/f': 1.0.0
    dev: false

  file:vendored/b_@lib+b@lib+b:
    resolution: {directory: vendored/b, type: directory}
    id: file:vendored/b
    name: vendored-b
    version: 1.0.0
    peerDependencies:
      '@lib/b': workspace:*
    dependencies:
      '@lib/b': link:lib/b
    dev: false
