lockfileVersion: '6.0'

settings:
  autoInstallPeers: true
  excludeLinksFromLockfile: false

importers:

  .:
    dependencies:
      chalk:
        specifier: ^5.0.0
        version: 5.0.0

packages:

  /chalk@5.0.0:
    resolution: {integrity: sha512-/duVOqst+luxCQRKEo4bNxinsOQtMP80ZYm7mMqzuh5PociNL0PvmHFvREJ9ueYL2TxlHjBcmLCdmocx9Vg+IQ==}
    engines: {node: ^12.17.0 || ^14.13 || >=16.0.0}
    dev: false
