lockfileVersion: '9.0'

settings:
  autoInstallPeers: true
  excludeLinksFromLockfile: false

importers:

  .:
    dependencies:
      lodash:
        specifier: file:lodash-4.17.21.tgz
        version: file:lodash-4.17.21.tgz

packages:

  lodash@file:lodash-4.17.21.tgz:
    resolution: {integrity: sha512-v2kDEe57lecTulaDIuNTPy3Ry4gLGJ6Z1O3vE1krgXZNrsQ+LFTGHVxVjcXPs17LhbZVGedAJv8XZ1tvj5FvSg==, tarball: file:lodash-4.17.21.tgz}
    version: 4.17.21

snapshots:

  lodash@file:lodash-4.17.21.tgz: {}
