lockfileVersion: 5.4

importers:

  .:
    specifiers:
      debug: ^4.3.4
    devDependencies:
      debug: registry.npmjs.org/debug/4.3.4

packages:

  registry.npmjs.org/debug/4.3.4:
    resolution: {integrity: sha512-PRWFHuSU3eDtQJPvnNY7Jcket1j0t5OuOsFzPPzsekD52Zl8qUfFIPEiswXqIvHWGVHOgX+7G/vCNNhehwxfkQ==, registry: https://registry.yarnpkg.com/, tarball: https://registry.npmjs.org/debug/-/debug-4.3.4.tgz}
    name: debug
    version: 4.3.4
    engines: {node: '>=6.0'}
    peerDependencies:
      supports-color: '*'
    peerDependenciesMeta:
      supports-color:
        optional: true
    dependencies:
      ms: registry.npmjs.org/ms/2.1.2
    dev: true

  registry.npmjs.org/ms/2.1.2:
    resolution: {integrity: sha512-sGkPx+VjMtmA6MX27oA4FBFELFCZZ4S4XqeGOXCv68tT+jb3vk/RyaKWP0PTKyWtmLSM0b+adUTEvbs1PEaH2w==, registry: https://registry.yarnpkg.com/, tarball: https://registry.npmjs.org/ms/-/ms-2.1.2.tgz}
    name: ms
    version: 2.1.2
    dev: true
