lockfileVersion: 5.4

onlyBuiltDependencies:
  - '@aspect-test/c'

overrides:
  is-number: file:../vendored/is-number
  diff: https://github.com/kpdecker/jsdiff/archive/refs/tags/v5.2.0.tar.gz

patchedDependencies:
  meaning-of-life@1.0.0:
    hash: o3deharooos255qt5xdujc3cuq
    path: patches/meaning-of-life@1.0.0-pnpm.patch

importers:

  .:
    specifiers:
      '@aspect-test/a': ^5.0.2
      '@aspect-test/a2': npm:@aspect-test/a
      '@aspect-test/b': 5.0.2
      '@aspect-test/c': 2.0.0
      '@scoped/a': workspace:*
      '@scoped/b': link:../projects/b
      '@scoped/c': file:../projects/c
      '@scoped/d': ../projects/d
      '@types/archiver': 5.3.1
      '@types/node': 16.18.11
      alias-types-node: npm:@types/node@~16.18.11
      debug: ngokevin/debug#9742c5f383a6f8046241920156236ade8ec30d53
      hello: https://gitpkg.vercel.app/EqualMa/gitpkg-hello/packages/hello
      is-odd: 3.0.1
      is-odd-alt-version: npm:is-odd@^2.0.0
      jsonify: https://github.com/aspect-build/test-packages/releases/download/0.0.0/@foo-jsonify-0.0.0.tgz
      meaning-of-life: 1.0.0
      rollup: 3.2.5
      uvu: 0.5.6
    dependencies:
      '@aspect-test/a': 5.0.2
      '@aspect-test/a2': /@aspect-test/a/5.0.2
      '@scoped/a': link:../projects/a
      '@scoped/b': link:../projects/b
      '@scoped/c': file:../projects/c
      '@scoped/d': link:../projects/d
      debug: github.com/ngokevin/debug/9742c5f383a6f8046241920156236ade8ec30d53
      hello: '@gitpkg.vercel.app/EqualMa/gitpkg-hello/packages/hello'
      is-odd: 3.0.1
      is-odd-alt-version: /is-odd/2.0.0
      jsonify: '@github.com/aspect-build/test-packages/releases/download/0.0.0/@foo-jsonify-0.0.0.tgz'
      meaning-of-life: 1.0.0_o3deharooos255qt5xdujc3cuq
      rollup: 3.2.5
      uvu: 0.5.6
    optionalDependencies:
      '@aspect-test/c': 2.0.0
    devDependencies:
      '@aspect-test/b': 5.0.2
      '@types/archiver': registry.npmjs.org/@types/archiver/5.3.1
      '@types/node': registry.npmjs.org/@types/node/16.18.11
      alias-types-node: registry.npmjs.org/@types/node/16.18.11

  ../projects/a:
    specifiers: {}

  ../projects/b:
    specifiers:
      '@scoped/a': workspace:*
    dependencies:
      '@scoped/a': link:../a

  ../projects/c:
    specifiers:
      '@scoped/a': link:../a
    dependencies:
      '@scoped/a': link:../a

  ../projects/d:
    specifiers:
      '@scoped/a': workspace:*
    dependencies:
      '@scoped/a': link:../a

  ../vendored/is-number:
    specifiers: {}

packages:

  /@aspect-test/a/5.0.2:
    resolution: {integrity: sha512-bURS+F0+tS2XPxUPbrqsTZxIre1U5ZglwzDqcOCrU7MbxuRrkO24hesgTMGJldCglwL/tiEGRlvdMndlPgRdNw==}
    hasBin: true
    dependencies:
      '@aspect-test/b': 5.0.2
      '@aspect-test/c': 2.0.2
      '@aspect-test/d': 2.0.0_@aspect-test+c@2.0.2

  /@aspect-test/b/5.0.2:
    resolution: {integrity: sha512-I8wnJV5J0h8ui1O3K6XPq1qGHKopTl/OnvkSfor7uJ9yRCm2Qv6Tf2LsTgR2xzkgiwhA4iBwdYFwecwinF244w==}
    hasBin: true
    dependencies:
      '@aspect-test/a': 5.0.2
      '@aspect-test/c': 2.0.2
      '@aspect-test/d': 2.0.0_@aspect-test+c@2.0.2

  /@aspect-test/c/2.0.0:
    resolution: {integrity: sha512-vRuHi/8zxZ+IRGdgdX4VoMNFZrR9UqO87yQx61IGIkjgV7QcKUeu5jfvIE3Mr0WNQeMdO1JpyTx1UUpsE73iug==}
    hasBin: true
    requiresBuild: true
    dev: false
    optional: true

  /@aspect-test/c/2.0.2:
    resolution: {integrity: sha512-rMJmd3YBvY7y0jh+2m72TiAhe6dVKjMMNFFVOXFCbM233m7lsG4cq970H1C8rUsc3AcA5E/cEHlxSVffHlHD2Q==}
    hasBin: true
    requiresBuild: true

  /@aspect-test/d/2.0.0_@aspect-test+c@2.0.2:
    resolution: {integrity: sha512-jndwr8pLUfn795uApTcXG/yZ5hV2At1aS/wo5BVLxqlVVgLoOETF/Dp4QOjMHE/SXkXFowz6Hao+WpmzVvAO0A==}
    hasBin: true
    peerDependencies:
      '@aspect-test/c': x.x.x
    dependencies:
      '@aspect-test/c': 2.0.2

  /dequal/2.0.3:
    resolution: {integrity: sha512-0je+qPKHEMohvfRTCEo3CrPG6cAzAYgmzKyxRiYSSDkS6eGJdyVJm7WaYA5ECaAD9wLB2T4EEeymA5aFVcYXCA==}
    engines: {node: '>=6'}
    dev: false

  /fsevents/2.3.3:
    resolution: {integrity: sha512-5xoDfX+fL7faATnagmWPpbFtwh/R77WmMMqqHGS65C3vvB0YHrgF+B1YmZ3441tMj5n63k0212XNoJwzlhffQw==}
    engines: {node: ^8.16.0 || ^10.6.0 || >=11.0.0}
    os: [darwin]
    dev: false
    optional: true

  /is-odd/2.0.0:
    resolution: {integrity: sha512-OTiixgpZAT1M4NHgS5IguFp/Vz2VI3U7Goh4/HA1adtwyLtSBrxYlcSYkhpAE07s4fKEcjrFxyvtQBND4vFQyQ==}
    engines: {node: '>=0.10.0'}
    dependencies:
      is-number: file:../vendored/is-number
    dev: false

  /is-odd/3.0.1:
    resolution: {integrity: sha512-CQpnWPrDwmP1+SMHXZhtLtJv90yiyVfluGsX5iNCVkrhQtU3TQHsUWPG9wkdk9Lgd5yNpAg9jQEo90CBaXgWMA==}
    engines: {node: '>=4'}
    dependencies:
      is-number: file:../vendored/is-number
    dev: false

  /kleur/4.1.5:
    resolution: {integrity: sha512-o+NO+8WrRiQEE4/7nwRJhN1HWpVmJm511pBHUxPLtp0BUISzlBplORYSmTclCnJvQq2tKu/sgl3xVpkc7ZWuQQ==}
    engines: {node: '>=6'}
    dev: false

  /meaning-of-life/1.0.0_o3deharooos255qt5xdujc3cuq:
    resolution: {integrity: sha512-fVA4xSydqtK9owabGcYw1r4EKEsMOVVeYQLeCXPu77Z+8Y2j2B2I16UqZlKIOHnYkJ4RSvpJ00ywy9IWjmuxYw==}
    dev: false
    patched: true

  /mri/1.2.0:
    resolution: {integrity: sha512-tzzskb3bG8LvYGFF/mDTpq3jpI6Q9wc3LEmBaghu+DdCssd1FakN7Bc0hVNmEyGq1bq3RgfkCb3cmQLpNPOroA==}
    engines: {node: '>=4'}
    dev: false

  /ms/0.7.3:
    resolution: {integrity: sha512-lrKNzMWqQZgwJahtrtrM+9NgOoDUveDrVmm5aGXrf3BdtL0mq7X6IVzoZaw+TfNti29eHd1/8GI+h45K5cQ6/w==}
    dev: false

  /rollup/3.2.5:
    resolution: {integrity: sha512-/Ha7HhVVofduy+RKWOQJrxe4Qb3xyZo+chcpYiD8SoQa4AG7llhupUtyfKSSrdBM2mWJjhM8wZwmbY23NmlIYw==}
    engines: {node: '>=14.18.0', npm: '>=8.0.0'}
    hasBin: true
    optionalDependencies:
      fsevents: 2.3.3
    dev: false

  /sade/1.8.1:
    resolution: {integrity: sha512-xal3CZX1Xlo/k4ApwCFrHVACi9fBqJ7V+mwhBsuf/1IOKbBy098Fex+Wa/5QMubw09pSZ/u8EY8PWgevJsXp1A==}
    engines: {node: '>=6'}
    dependencies:
      mri: 1.2.0
    dev: false

  /uvu/0.5.6:
    resolution: {integrity: sha512-+g8ENReyr8YsOc6fv/NVJs2vFdHBnBNdfE49rshrTzDWOlUx4Gq7KOS2GD8eqhy2j+Ejq29+SbKH8yjkAqXqoA==}
    engines: {node: '>=8'}
    hasBin: true
    dependencies:
      dequal: 2.0.3
      diff: '@github.com/kpdecker/jsdiff/archive/refs/tags/v5.2.0.tar.gz'
      kleur: 4.1.5
      sade: 1.8.1
    dev: false

  '@github.com/aspect-build/test-packages/releases/download/0.0.0/@foo-jsonify-0.0.0.tgz':
    resolution: {tarball: https://github.com/aspect-build/test-packages/releases/download/0.0.0/@foo-jsonify-0.0.0.tgz}
    name: '@foo/jsonify'
    version: 0.0.0
    dev: false

  '@github.com/kpdecker/jsdiff/archive/refs/tags/v5.2.0.tar.gz':
    resolution: {tarball: https://github.com/kpdecker/jsdiff/archive/refs/tags/v5.2.0.tar.gz}
    name: diff
    version: 5.2.0
    engines: {node: '>=0.3.1'}
    dev: false

  '@gitpkg.vercel.app/EqualMa/gitpkg-hello/packages/hello':
    resolution: {tarball: https://gitpkg.vercel.app/EqualMa/gitpkg-hello/packages/hello}
    name: hello
    version: 1.0.0
    dev: false

  file:../projects/c:
    resolution: {directory: ../projects/c, type: directory}
    name: '@scoped/c'
    dependencies:
      '@scoped/a': link:../a
    dev: false

  file:../vendored/is-number:
    resolution: {directory: ../vendored/is-number, type: directory}
    name: is-number
    version: 0.0.1
    dev: false

  github.com/ngokevin/debug/9742c5f383a6f8046241920156236ade8ec30d53:
    resolution: {tarball: https://codeload.github.com/ngokevin/debug/tar.gz/9742c5f383a6f8046241920156236ade8ec30d53}
    name: debug
    version: 2.6.3
    peerDependencies:
      supports-color: '*'
    peerDependenciesMeta:
      supports-color:
        optional: true
    dependencies:
      ms: 0.7.3
    dev: false

  registry.npmjs.org/@types/archiver/5.3.1:
    resolution: {integrity: sha512-wKYZaSXaDvTZuInAWjCeGG7BEAgTWG2zZW0/f7IYFcoHB2X2d9lkVFnrOlXl3W6NrvO6Ml3FLLu8Uksyymcpnw==, registry: https://registry.yarnpkg.com/, tarball: https://registry.npmjs.org/@types/archiver/-/archiver-5.3.1.tgz}
    name: '@types/archiver'
    version: 5.3.1
    dependencies:
      '@types/glob': registry.npmjs.org/@types/glob/8.1.0
    dev: true

  registry.npmjs.org/@types/glob/8.1.0:
    resolution: {integrity: sha512-IO+MJPVhoqz+28h1qLAcBEH2+xHMK6MTyHJc7MTnnYb6wsoLR29POVGJ7LycmVXIqyy/4/2ShP5sUwTXuOwb/w==, registry: https://registry.yarnpkg.com/, tarball: https://registry.npmjs.org/@types/glob/-/glob-8.1.0.tgz}
    name: '@types/glob'
    version: 8.1.0
    dependencies:
      '@types/minimatch': registry.npmjs.org/@types/minimatch/5.1.2
      '@types/node': registry.npmjs.org/@types/node/16.18.11
    dev: true

  registry.npmjs.org/@types/minimatch/5.1.2:
    resolution: {integrity: sha512-K0VQKziLUWkVKiRVrx4a40iPaxTUefQmjtkQofBkYRcoaaL/8rhwDWww9qWbrgicNOgnpIsMxyNIUM4+n6dUIA==, registry: https://registry.yarnpkg.com/, tarball: https://registry.npmjs.org/@types/minimatch/-/minimatch-5.1.2.tgz}
    name: '@types/minimatch'
    version: 5.1.2
    dev: true

  registry.npmjs.org/@types/node/16.18.11:
    resolution: {integrity: sha512-3oJbGBUWuS6ahSnEq1eN2XrCyf4YsWI8OyCvo7c64zQJNplk3mO84t53o8lfTk+2ji59g5ycfc6qQ3fdHliHuA==, registry: https://registry.yarnpkg.com/, tarball: https://registry.npmjs.org/@types/node/-/node-16.18.11.tgz}
    name: '@types/node'
    version: 16.18.11
    dev: true
