lockfileVersion: 5.3

specifiers:
    chalk: latest

dependencies:
    chalk: 5.0.1

packages:
    /chalk/5.0.1:
        resolution:
            {
                integrity: sha512-Fo07WOYGqMfCWHOzSXOt2CxDbC6skS/jO9ynEcmpANMoPrD+W1r1K6Vx7iNm+AQmETU1Xr2t+n8nzkV9t6xh3w==,
            }
        engines: { node: ^12.17.0 || ^14.13 || >=16.0.0 }
        dev: false
