# This file is generated by running "yarn install" inside your project.
# Manual changes might be lost - proceed with caution!

__metadata:
  version: 10
  cacheKey: 10c0

"is-number@npm:^6.0.0":
  version: 6.0.0
  resolution: "is-number@npm:6.0.0"
  checksum: 10c0/5da4c68401529675c575878d2760d66f18eaef4b014858577f6003daf66488d7fe4eae684b1e8574e3fa1bb447c6c6c56b8491d2b4b3239da2d32e5f6f218008
  languageName: node
  linkType: hard

"is-odd@npm:3.0.1":
  version: 3.0.1
  resolution: "is-odd@npm:3.0.1"
  dependencies:
    is-number: "npm:^6.0.0"
  checksum: 10c0/89ee2e353c5a3f3bd400c79db1c307a5b3506198ee8169d521e533a9b1d8a08fc95f21a919c084e98845b4286d7ffe309778da03744dfe66c3c1763ab1a030c6
  languageName: node
  linkType: hard

"left-pad@npm:1.3.0":
  version: 1.3.0
  resolution: "left-pad@npm:1.3.0"
  checksum: 10c0/3fb59c76e281a2f5c810ad71dbbb8eba8b10c6cf94733dc7f27b8c516a5376cacea53543e76f6ae477d866c8954b27f1e15ca349424c2542474eb5bb1d2b6955
  languageName: node
  linkType: hard

"pnp_zero_install@workspace:.":
  version: 0.0.0-use.local
  resolution: "pnp_zero_install@workspace:."
  dependencies:
    is-odd: "npm:3.0.1"
    left-pad: "npm:1.3.0"
    react: "npm:19.2.4"
    react-dom: "npm:19.2.4"
  dependenciesMeta:
    left-pad:
      unplugged: true
  languageName: unknown
  linkType: soft

"react-dom@npm:19.2.4":
  version: 19.2.4
  resolution: "react-dom@npm:19.2.4"
  dependencies:
    scheduler: "npm:^0.27.0"
  peerDependencies:
    react: ^19.2.4
  checksum: 10c0/f0c63f1794dedb154136d4d0f59af00b41907f4859571c155940296808f4b94bf9c0c20633db75b5b2112ec13d8d7dd4f9bf57362ed48782f317b11d05a44f35
  languageName: node
  linkType: hard

"react@npm:19.2.4":
  version: 19.2.4
  resolution: "react@npm:19.2.4"
  checksum: 10c0/cd2c9ff67a720799cc3b38a516009986f7fc4cb8d3e15716c6211cf098d1357ee3e348ab05ad0600042bbb0fd888530ba92e329198c92eafa0994f5213396596
  languageName: node
  linkType: hard

"scheduler@npm:^0.27.0":
  version: 0.27.0
  resolution: "scheduler@npm:0.27.0"
  checksum: 10c0/4f03048cb05a3c8fddc45813052251eca00688f413a3cee236d984a161da28db28ba71bd11e7a3dd02f7af84ab28d39fb311431d3b3772fed557945beb00c452
  languageName: node
  linkType: hard
