lockfileVersion: 5.3

specifiers:
    '@aspect-test/bar': 2.0.0
    '@aspect-test/foo': 2.0.0
    '@aspect-test/qar': 4.0.0

dependencies:
    '@aspect-test/bar': 2.0.0

optionalDependencies:
    '@aspect-test/qar': 4.0.0

devDependencies:
    '@aspect-test/foo': 2.0.0

packages:
    /@aspect-test/bar/2.0.0:
        resolution:
            {
                integrity: sha512-rznoX5QANJCysyASyjthuU7s8jEOHZ5QA8XLejhYQ2vTf5Ft6Xu1dKWllMmkihHMw+O/VYvsL0kyfbLguhNTIw==,
            }
        hasBin: true
        dependencies:
            '@aspect-test/qar': 1.0.0
        dev: false

    /@aspect-test/foo/2.0.0:
        resolution:
            {
                integrity: sha512-KE2iDnkiYd8LKQjeaQ0xVrm9Rl8zS8BPWI0zfAMQEzC1CoerMUCAluNdu4h80IUEbhx2dViYA4s7wp5OMvhczQ==,
            }
        hasBin: true
        dependencies:
            '@aspect-test/qar': 2.0.0
        dev: true

    /@aspect-test/qar/1.0.0:
        resolution:
            {
                integrity: sha512-AJMwCXbBj/OC0L4oWQSFlF7pytxlhJTtDBaq1zdNLzA8m0bqhGEM+AN/WJv+j/q88WoaKdELDDWHqE6aIDsMpA==,
            }
        hasBin: true
        dev: false

    /@aspect-test/qar/2.0.0:
        resolution:
            {
                integrity: sha512-LKaptU5aHEUbVdE3jUEdRllPqFc8mgmVXtuDcv8qIulp6g/GHJpgQnXdHZXfk+6HPG6WtktI8hvcUU2FzuD0aw==,
            }
        hasBin: true
        dev: true

    /@aspect-test/qar/4.0.0:
        resolution:
            {
                integrity: sha512-7ZgVjqenonr3uGs+SPqU/FY3hZCafZC29s/aK2D5vHPXddJdnEh0ksFsLFMpTevB8T+du3MZuF0zzCdQ/AKuhA==,
            }
        hasBin: true
        requiresBuild: true
        dev: false
        optional: true
