# This file is generated by running "yarn install" inside your project.
# Manual changes might be lost - proceed with caution!

__metadata:
  version: 6
  cacheKey: 8

"@aspect-test/bar@npm:2.0.0":
  version: 2.0.0
  resolution: "@aspect-test/bar@npm:2.0.0"
  dependencies:
    "@aspect-test/qar": 1.0.0
  bin:
    bar: bin.js
  checksum: 88bd28f3aa029c221659a3641e587d3e0accf402b600ad9cda111c87c03d61c05cde2e47d9730198c8d318941ee1df8f91ece970233ee67682589cffa6b1a9e6
  languageName: node
  linkType: hard

"@aspect-test/foo@npm:2.0.0":
  version: 2.0.0
  resolution: "@aspect-test/foo@npm:2.0.0"
  dependencies:
    "@aspect-test/qar": 2.0.0
  bin:
    foo: bin.js
  checksum: f66718fb93ea14731dc8a92fe2eea34204129da144b3a2277905a8c3794d227d775902ac364ac84c95802181b962764dd6bdd95b9f6364335f65d6c19bb90c1d
  languageName: node
  linkType: hard

"@aspect-test/qar@npm:1.0.0":
  version: 1.0.0
  resolution: "@aspect-test/qar@npm:1.0.0"
  bin:
    qar: bin.js
  checksum: da66503bd957da060999391a9e47ce4fe66b32c59362bcc8c855ce52d590270b99ea30f12081f0d900eb701e1eac94430d5fa9e69f8cb3b6d81633483d915ca1
  languageName: node
  linkType: hard

"@aspect-test/qar@npm:2.0.0":
  version: 2.0.0
  resolution: "@aspect-test/qar@npm:2.0.0"
  bin:
    qar: bin.js
  checksum: aa7a72c200d25547ab2e2059c174ef898ca7239417f8569196030003595cac96c58d113ffa2d8e2e9023ad917de03ea1e37ff1bab88830c084afda197d30c763
  languageName: node
  linkType: hard

"@aspect-test/qar@npm:4.0.0":
  version: 4.0.0
  resolution: "@aspect-test/qar@npm:4.0.0"
  bin:
    qar: bin.js
  checksum: 1c720df5860638c5bc2aaa82d6311d480d60bd55cbc1486f366af14872b0b2feb0bcd9f5def77b16c19d0dd2fb94d5ca40adb535794eb296201f9ef5b956e873
  languageName: node
  linkType: hard

"simple@workspace:.":
  version: 0.0.0-use.local
  resolution: "simple@workspace:."
  dependencies:
    "@aspect-test/bar": 2.0.0
    "@aspect-test/foo": 2.0.0
    "@aspect-test/qar": 4.0.0
  languageName: unknown
  linkType: soft
