lockfileVersion: '9.0'

settings:
  autoInstallPeers: true
  excludeLinksFromLockfile: false

catalogs:
  default:
    '@bufbuild/protobuf':
      specifier: 2.7.0
      version: 2.7.0

importers:

  .:
    dependencies:
      '@bufbuild/protobuf':
        specifier: 'catalog:'
        version: 2.7.0

  tools:
    devDependencies:
      '@bufbuild/protoc-gen-es':
        specifier: ~2.2.4
        version: 2.2.5(@bufbuild/protobuf@2.2.5)

packages:

  '@bufbuild/protobuf@2.2.5':
    resolution: {integrity: sha512-/g5EzJifw5GF8aren8wZ/G5oMuPoGeS6MQD3ca8ddcvdXR5UELUfdTZITCGNhNXynY/AYl3Z4plmxdj/tRl/hQ==}

  '@bufbuild/protobuf@2.7.0':
    resolution: {integrity: sha512-qn6tAIZEw5i/wiESBF4nQxZkl86aY4KoO0IkUa2Lh+rya64oTOdJQFlZuMwI1Qz9VBJQrQC4QlSA2DNek5gCOA==}

  '@bufbuild/protoc-gen-es@2.2.5':
    resolution: {integrity: sha512-81dI1PLMQXUkvCUH1fKJEZsx+G69LvU/0BOFeqxotFpCFEC/jTu1Ka1ViIEGT5U1r51udRs20kHZTlkR9zwfAA==}
    engines: {node: '>=14'}
    hasBin: true
    peerDependencies:
      '@bufbuild/protobuf': 2.2.5
    peerDependenciesMeta:
      '@bufbuild/protobuf':
        optional: true

  '@bufbuild/protoplugin@2.2.5':
    resolution: {integrity: sha512-Z68KTDLiidUYoJ8kjs6YfhK8r58W93pOFIfGqlnK1RZQTQRtbH6WRWjSqtuiy4WjJpJZ5qE0lKtFGR+bHU8Vaw==}

  '@typescript/vfs@1.6.4':
    resolution: {integrity: sha512-PJFXFS4ZJKiJ9Qiuix6Dz/OwEIqHD7Dme1UwZhTK11vR+5dqW2ACbdndWQexBzCx+CPuMe5WBYQWCsFyGlQLlQ==}
    peerDependencies:
      typescript: '*'

  debug@4.4.3:
    resolution: {integrity: sha512-RGwwWnwQvkVfavKVt22FGLw+xYSdzARwm0ru6DhTVA3umU5hZc28V3kO4stgYryrTlLpuvgI9GiijltAjNbcqA==}
    engines: {node: '>=6.0'}
    peerDependencies:
      supports-color: '*'
    peerDependenciesMeta:
      supports-color:
        optional: true

  ms@2.1.3:
    resolution: {integrity: sha512-6FlzubTLZG3J2a/NVCAleEhjzq5oxgHyaCU9yYXvcLsvoVaHJq/s5xXI6/XXP6tz7R9xAOtHnSO/tXtF3WRTlA==}

  typescript@5.4.5:
    resolution: {integrity: sha512-vcI4UpRgg81oIRUFwR0WSIHKt11nJ7SAVlYNIu+QpqeyXP+gpQJy/Z4+F0aGxSE4MqwjyXvW/TzgkLAx2AGHwQ==}
    engines: {node: '>=14.17'}
    hasBin: true

snapshots:

  '@bufbuild/protobuf@2.2.5': {}

  '@bufbuild/protobuf@2.7.0': {}

  '@bufbuild/protoc-gen-es@2.2.5(@bufbuild/protobuf@2.2.5)':
    dependencies:
      '@bufbuild/protoplugin': 2.2.5
    optionalDependencies:
      '@bufbuild/protobuf': 2.2.5
    transitivePeerDependencies:
      - supports-color

  '@bufbuild/protoplugin@2.2.5':
    dependencies:
      '@bufbuild/protobuf': 2.2.5
      '@typescript/vfs': 1.6.4(typescript@5.4.5)
      typescript: 5.4.5
    transitivePeerDependencies:
      - supports-color

  '@typescript/vfs@1.6.4(typescript@5.4.5)':
    dependencies:
      debug: 4.4.3
      typescript: 5.4.5
    transitivePeerDependencies:
      - supports-color

  debug@4.4.3:
    dependencies:
      ms: 2.1.3

  ms@2.1.3: {}

  typescript@5.4.5: {}
