lockfileVersion: '6.1'

settings:
  autoInstallPeers: true
  excludeLinksFromLockfile: false

importers:

  .: {}

  lib:
    dependencies:
      '@aspect-test/e':
        specifier: 1.0.0
        version: 1.0.0
    devDependencies:
      '@aspect-test/f':
        specifier: 1.0.0
        version: 1.0.0

  tests:
    dependencies:
      '@lib/test':
        specifier: workspace:*
        version: link:../lib

packages:

  /@aspect-test/e@1.0.0:
    resolution: {integrity: sha512-GyAxHYKN650db+xnimHnL2LPz65ilmQsVhCasWA7drDNQn/rfmPiEVMzjRiS7m46scXIERaBmiJMzYDf0bIUbA==}
    hasBin: true
    dev: false

  /@aspect-test/f@1.0.0:
    resolution: {integrity: sha512-VjuHu/TXdK0dfMeArZoOFaBY0Z/wAjWuCNtEWDTVJftbDcBtcH3IrhLrOy0NdJu+/CjE0qLCEb78eDGniKNUFA==}
    hasBin: true
    dev: true
